
Microsoft Visual Studio Solution File, Format Version 12.00
# Visual Studio Version 17
VisualStudioVersion = 17.11.35222.181
MinimumVisualStudioVersion = 10.0.40219.1
Project("{9A19103F-16F7-4668-BE54-9A1E7A4F7556}") = "Host", "BlazorApp1\Host.csproj", "{57255E00-4D78-4E1D-B53E-7BAD841F1A4A}"
EndProject
Project("{9A19103F-16F7-4668-BE54-9A1E7A4F7556}") = "Feature1", "Feature1\Feature1.csproj", "{C6D1598B-F7D2-4565-ADA4-4C5B2CE873B2}"
EndProject
Project("{9A19103F-16F7-4668-BE54-9A1E7A4F7556}") = "Shared", "Shared\Shared.csproj", "{A0166E0D-2516-4F04-98AF-54FC7A4D2524}"
EndProject
Project("{2150E333-8FDC-42A3-9474-1A3956D46DE8}") = "Client", "Client", "{73496799-2E5A-4CB0-9875-BEFBFAB5226D}"
EndProject
Project("{2150E333-8FDC-42A3-9474-1A3956D46DE8}") = "MicroFrontends", "MicroFrontends", "{47A33C03-C67E-48B5-87C3-4BA6A6D40EF4}"
EndProject
Global
	GlobalSection(SolutionConfigurationPlatforms) = preSolution
		Debug|Any CPU = Debug|Any CPU
		Release|Any CPU = Release|Any CPU
	EndGlobalSection
	GlobalSection(ProjectConfigurationPlatforms) = postSolution
		{57255E00-4D78-4E1D-B53E-7BAD841F1A4A}.Debug|Any CPU.ActiveCfg = Debug|Any CPU
		{57255E00-4D78-4E1D-B53E-7BAD841F1A4A}.Debug|Any CPU.Build.0 = Debug|Any CPU
		{57255E00-4D78-4E1D-B53E-7BAD841F1A4A}.Release|Any CPU.ActiveCfg = Release|Any CPU
		{57255E00-4D78-4E1D-B53E-7BAD841F1A4A}.Release|Any CPU.Build.0 = Release|Any CPU
		{C6D1598B-F7D2-4565-ADA4-4C5B2CE873B2}.Debug|Any CPU.ActiveCfg = Debug|Any CPU
		{C6D1598B-F7D2-4565-ADA4-4C5B2CE873B2}.Debug|Any CPU.Build.0 = Debug|Any CPU
		{C6D1598B-F7D2-4565-ADA4-4C5B2CE873B2}.Release|Any CPU.ActiveCfg = Release|Any CPU
		{C6D1598B-F7D2-4565-ADA4-4C5B2CE873B2}.Release|Any CPU.Build.0 = Release|Any CPU
		{A0166E0D-2516-4F04-98AF-54FC7A4D2524}.Debug|Any CPU.ActiveCfg = Debug|Any CPU
		{A0166E0D-2516-4F04-98AF-54FC7A4D2524}.Debug|Any CPU.Build.0 = Debug|Any CPU
		{A0166E0D-2516-4F04-98AF-54FC7A4D2524}.Release|Any CPU.ActiveCfg = Release|Any CPU
		{A0166E0D-2516-4F04-98AF-54FC7A4D2524}.Release|Any CPU.Build.0 = Release|Any CPU
	EndGlobalSection
	GlobalSection(SolutionProperties) = preSolution
		HideSolutionNode = FALSE
	EndGlobalSection
	GlobalSection(NestedProjects) = preSolution
		{57255E00-4D78-4E1D-B53E-7BAD841F1A4A} = {73496799-2E5A-4CB0-9875-BEFBFAB5226D}
		{C6D1598B-F7D2-4565-ADA4-4C5B2CE873B2} = {47A33C03-C67E-48B5-87C3-4BA6A6D40EF4}
	EndGlobalSection
	GlobalSection(ExtensibilityGlobals) = postSolution
		SolutionGuid = {9C53DC68-AF4F-4B57-B5DD-263271D459D7}
	EndGlobalSection
EndGlobal
